// !$*UTF8*$!
{
	archiveVersion = 1;
	classes = {
	};
	objectVersion = 46;
	objects = {

/* Begin PBXBuildFile section */
		1604403017BACA3F00BC4D36 /* Social.framework in Frameworks */ = {isa = PBXBuildFile; fileRef = 1604402F17BACA3F00BC4D36 /* Social.framework */; };
		1604403317BACF9000BC4D36 /* SWRevealViewController.m in Sources */ = {isa = PBXBuildFile; fileRef = 1604403217BACF9000BC4D36 /* SWRevealViewController.m */; };
		1604403917BAD7CA00BC4D36 /* facebook.jpg in Resources */ = {isa = PBXBuildFile; fileRef = 1604403717BAD7CA00BC4D36 /* facebook.jpg */; };
		1604403A17BAD7CA00BC4D36 /* twitter.jpg in Resources */ = {isa = PBXBuildFile; fileRef = 1604403817BAD7CA00BC4D36 /* twitter.jpg */; };
		1604404817BB46B400BC4D36 /* greenrowicon1.png in Resources */ = {isa = PBXBuildFile; fileRef = 1604404717BB46B400BC4D36 /* greenrowicon1.png */; };
		1604404A17BB498A00BC4D36 /* dkbluerowicon1.png in Resources */ = {isa = PBXBuildFile; fileRef = 1604404917BB498A00BC4D36 /* dkbluerowicon1.png */; };
		1604404E17BB500E00BC4D36 /* Default@2x.png in Resources */ = {isa = PBXBuildFile; fileRef = 1604404D17BB500E00BC4D36 /* Default@2x.png */; };
		1604415617BC23D900BC4D36 /* ToDo.rtf in Resources */ = {isa = PBXBuildFile; fileRef = 1604415517BC23D900BC4D36 /* ToDo.rtf */; };
		160441BA17BC4A9E00BC4D36 /* RowVideoViewController.m in Sources */ = {isa = PBXBuildFile; fileRef = 160441B917BC4A9E00BC4D36 /* RowVideoViewController.m */; };
		160441BC17BC58C000BC4D36 /* sunshine.png in Resources */ = {isa = PBXBuildFile; fileRef = 160441BB17BC58C000BC4D36 /* sunshine.png */; };
		160441BF17BC5B2800BC4D36 /* RowTablatureViewController.m in Sources */ = {isa = PBXBuildFile; fileRef = 160441BE17BC5B2800BC4D36 /* RowTablatureViewController.m */; };
		160441C217BC608600BC4D36 /* close-dark.png in Resources */ = {isa = PBXBuildFile; fileRef = 160441C017BC608600BC4D36 /* close-dark.png */; };
		160441C317BC608600BC4D36 /* close-dark@2x.png in Resources */ = {isa = PBXBuildFile; fileRef = 160441C117BC608600BC4D36 /* close-dark@2x.png */; };
		1621455317C26C48003C077B /* Song.m in Sources */ = {isa = PBXBuildFile; fileRef = 1621455217C26C48003C077B /* Song.m */; };
		1621455417C275E9003C077B /* Song.m in Sources */ = {isa = PBXBuildFile; fileRef = 1621455217C26C48003C077B /* Song.m */; };
		163149F817B2E40D009EC3E6 /* about.html in Resources */ = {isa = PBXBuildFile; fileRef = 163149F617B2E40D009EC3E6 /* about.html */; };
		163149FF17B2E8EC009EC3E6 /* about.jpg in Resources */ = {isa = PBXBuildFile; fileRef = 163149FE17B2E8EC009EC3E6 /* about.jpg */; };
		16314A0217B304C7009EC3E6 /* icon large.png in Resources */ = {isa = PBXBuildFile; fileRef = 16314A0017B304C7009EC3E6 /* icon large.png */; };
		16314A0317B304C7009EC3E6 /* iconf small.png in Resources */ = {isa = PBXBuildFile; fileRef = 16314A0117B304C7009EC3E6 /* iconf small.png */; };
		16314A1517B3FDA0009EC3E6 /* SimpleTableCell.xib in Resources */ = {isa = PBXBuildFile; fileRef = 16314A1417B3FDA0009EC3E6 /* SimpleTableCell.xib */; };
		16314A1817B3FF43009EC3E6 /* SimpleTableCell.m in Sources */ = {isa = PBXBuildFile; fileRef = 16314A1717B3FF43009EC3E6 /* SimpleTableCell.m */; };
		16314A1C17B5AD04009EC3E6 /* songs.plist in Resources */ = {isa = PBXBuildFile; fileRef = 16314A1B17B5AD04009EC3E6 /* songs.plist */; };
		163209C917C2CB7B00F0CED5 /* Lyric_Amazing_Grace.png in Resources */ = {isa = PBXBuildFile; fileRef = 163209BC17C2CB7B00F0CED5 /* Lyric_Amazing_Grace.png */; };
		163209CA17C2CB7B00F0CED5 /* Lyric_Baby_Beluga.png in Resources */ = {isa = PBXBuildFile; fileRef = 163209BD17C2CB7B00F0CED5 /* Lyric_Baby_Beluga.png */; };
		163209CB17C2CB7B00F0CED5 /* Lyric_DJ_Rapper.png in Resources */ = {isa = PBXBuildFile; fileRef = 163209BE17C2CB7B00F0CED5 /* Lyric_DJ_Rapper.png */; };
		163209CC17C2CB7B00F0CED5 /* Lyric_Fly_Away.png in Resources */ = {isa = PBXBuildFile; fileRef = 163209BF17C2CB7B00F0CED5 /* Lyric_Fly_Away.png */; };
		163209CD17C2CB7B00F0CED5 /* Lyric_Knee_Deep.png in Resources */ = {isa = PBXBuildFile; fileRef = 163209C017C2CB7B00F0CED5 /* Lyric_Knee_Deep.png */; };
		163209CE17C2CB7B00F0CED5 /* Lyric_MTA.png in Resources */ = {isa = PBXBuildFile; fileRef = 163209C117C2CB7B00F0CED5 /* Lyric_MTA.png */; };
		163209CF17C2CB7B00F0CED5 /* Lyric_Rainbow.png in Resources */ = {isa = PBXBuildFile; fileRef = 163209C217C2CB7B00F0CED5 /* Lyric_Rainbow.png */; };
		163209D017C2CB7B00F0CED5 /* Lyric_This_Land.png in Resources */ = {isa = PBXBuildFile; fileRef = 163209C317C2CB7B00F0CED5 /* Lyric_This_Land.png */; };
		163209D117C2CB7B00F0CED5 /* Lyric_Toes.png in Resources */ = {isa = PBXBuildFile; fileRef = 163209C417C2CB7B00F0CED5 /* Lyric_Toes.png */; };
		163209D217C2CB7B00F0CED5 /* Lyric_Whole_World.png in Resources */ = {isa = PBXBuildFile; fileRef = 163209C517C2CB7B00F0CED5 /* Lyric_Whole_World.png */; };
		163209D317C2CB7B00F0CED5 /* Lyric_You_Gotta_Friend.png in Resources */ = {isa = PBXBuildFile; fileRef = 163209C617C2CB7B00F0CED5 /* Lyric_You_Gotta_Friend.png */; };
		163209D417C2CB7B00F0CED5 /* Lyric_You_Sunshine.png in Resources */ = {isa = PBXBuildFile; fileRef = 163209C717C2CB7B00F0CED5 /* Lyric_You_Sunshine.png */; };
		163209D517C2CB7B00F0CED5 /* Lyric.txt in Resources */ = {isa = PBXBuildFile; fileRef = 163209C817C2CB7B00F0CED5 /* Lyric.txt */; };
		1635D64717B2975C001BDF4B /* UIKit.framework in Frameworks */ = {isa = PBXBuildFile; fileRef = 1635D64617B2975C001BDF4B /* UIKit.framework */; };
		1635D64917B2975C001BDF4B /* Foundation.framework in Frameworks */ = {isa = PBXBuildFile; fileRef = 1635D64817B2975C001BDF4B /* Foundation.framework */; };
		1635D64B17B2975C001BDF4B /* CoreGraphics.framework in Frameworks */ = {isa = PBXBuildFile; fileRef = 1635D64A17B2975C001BDF4B /* CoreGraphics.framework */; };
		1635D65317B2975C001BDF4B /* main.m in Sources */ = {isa = PBXBuildFile; fileRef = 1635D65217B2975C001BDF4B /* main.m */; };
		1635D65717B2975C001BDF4B /* SongBookAppDelegate.m in Sources */ = {isa = PBXBuildFile; fileRef = 1635D65617B2975C001BDF4B /* SongBookAppDelegate.m */; };
		1635D66017B2975C001BDF4B /* MainStoryboard.storyboard in Resources */ = {isa = PBXBuildFile; fileRef = 1635D65E17B2975C001BDF4B /* MainStoryboard.storyboard */; };
		1635D66317B2975C001BDF4B /* SongBookViewController.m in Sources */ = {isa = PBXBuildFile; fileRef = 1635D66217B2975C001BDF4B /* SongBookViewController.m */; };
		1635D66B17B2975C001BDF4B /* SenTestingKit.framework in Frameworks */ = {isa = PBXBuildFile; fileRef = 1635D66A17B2975C001BDF4B /* SenTestingKit.framework */; };
		1635D66C17B2975C001BDF4B /* UIKit.framework in Frameworks */ = {isa = PBXBuildFile; fileRef = 1635D64617B2975C001BDF4B /* UIKit.framework */; };
		1635D66D17B2975C001BDF4B /* Foundation.framework in Frameworks */ = {isa = PBXBuildFile; fileRef = 1635D64817B2975C001BDF4B /* Foundation.framework */; };
		1635D67517B2975C001BDF4B /* InfoPlist.strings in Resources */ = {isa = PBXBuildFile; fileRef = 1635D67317B2975C001BDF4B /* InfoPlist.strings */; };
		1635D67817B2975C001BDF4B /* SongBookTests.m in Sources */ = {isa = PBXBuildFile; fileRef = 1635D67717B2975C001BDF4B /* SongBookTests.m */; };
		1635D68317B29DC3001BDF4B /* SongDetailViewController.m in Sources */ = {isa = PBXBuildFile; fileRef = 1635D68217B29DC3001BDF4B /* SongDetailViewController.m */; };
		16B3EB2E17C953850024C8C8 /* Lyric_Bad_Bone.png in Resources */ = {isa = PBXBuildFile; fileRef = 16B3EB2D17C953850024C8C8 /* Lyric_Bad_Bone.png */; };
		16BED04E17C2DB0D004E8CBF /* Lyric_Road_Again.png in Resources */ = {isa = PBXBuildFile; fileRef = 16BED04D17C2DB0D004E8CBF /* Lyric_Road_Again.png */; };
/* End PBXBuildFile section */

/* Begin PBXContainerItemProxy section */
		1635D66E17B2975C001BDF4B /* PBXContainerItemProxy */ = {
			isa = PBXContainerItemProxy;
			containerPortal = 1635D63B17B2975C001BDF4B /* Project object */;
			proxyType = 1;
			remoteGlobalIDString = 1635D64217B2975C001BDF4B;
			remoteInfo = SongBook;
		};
/* End PBXContainerItemProxy section */

/* Begin PBXFileReference section */
		1604402F17BACA3F00BC4D36 /* Social.framework */ = {isa = PBXFileReference; lastKnownFileType = wrapper.framework; name = Social.framework; path = System/Library/Frameworks/Social.framework; sourceTree = SDKROOT; };
		1604403117BACF9000BC4D36 /* SWRevealViewController.h */ = {isa = PBXFileReference; fileEncoding = 4; lastKnownFileType = sourcecode.c.h; path = SWRevealViewController.h; sourceTree = "<group>"; };
		1604403217BACF9000BC4D36 /* SWRevealViewController.m */ = {isa = PBXFileReference; fileEncoding = 4; lastKnownFileType = sourcecode.c.objc; path = SWRevealViewController.m; sourceTree = "<group>"; };
		1604403717BAD7CA00BC4D36 /* facebook.jpg */ = {isa = PBXFileReference; lastKnownFileType = image.jpeg; path = facebook.jpg; sourceTree = "<group>"; };
		1604403817BAD7CA00BC4D36 /* twitter.jpg */ = {isa = PBXFileReference; lastKnownFileType = image.jpeg; path = twitter.jpg; sourceTree = "<group>"; };
		1604404717BB46B400BC4D36 /* greenrowicon1.png */ = {isa = PBXFileReference; lastKnownFileType = image.png; path = greenrowicon1.png; sourceTree = "<group>"; };
		1604404917BB498A00BC4D36 /* dkbluerowicon1.png */ = {isa = PBXFileReference; lastKnownFileType = image.png; path = dkbluerowicon1.png; sourceTree = "<group>"; };
		1604404B17BB4FFE00BC4D36 /* Default@2x.png */ = {isa = PBXFileReference; lastKnownFileType = image.png; path = "Default@2x.png"; sourceTree = "<group>"; };
		1604404D17BB500E00BC4D36 /* Default@2x.png */ = {isa = PBXFileReference; lastKnownFileType = image.png; name = "Default@2x.png"; path = "../Default@2x.png"; sourceTree = "<group>"; };
		1604415517BC23D900BC4D36 /* ToDo.rtf */ = {isa = PBXFileReference; fileEncoding = 4; lastKnownFileType = text.rtf; path = ToDo.rtf; sourceTree = "<group>"; };
		160441B817BC4A9D00BC4D36 /* RowVideoViewController.h */ = {isa = PBXFileReference; fileEncoding = 4; lastKnownFileType = sourcecode.c.h; path = RowVideoViewController.h; sourceTree = "<group>"; };
		160441B917BC4A9E00BC4D36 /* RowVideoViewController.m */ = {isa = PBXFileReference; fileEncoding = 4; lastKnownFileType = sourcecode.c.objc; path = RowVideoViewController.m; sourceTree = "<group>"; };
		160441BB17BC58C000BC4D36 /* sunshine.png */ = {isa = PBXFileReference; lastKnownFileType = image.png; path = sunshine.png; sourceTree = "<group>"; };
		160441BD17BC5B2800BC4D36 /* RowTablatureViewController.h */ = {isa = PBXFileReference; fileEncoding = 4; lastKnownFileType = sourcecode.c.h; path = RowTablatureViewController.h; sourceTree = "<group>"; };
		160441BE17BC5B2800BC4D36 /* RowTablatureViewController.m */ = {isa = PBXFileReference; fileEncoding = 4; lastKnownFileType = sourcecode.c.objc; path = RowTablatureViewController.m; sourceTree = "<group>"; };
		160441C017BC608600BC4D36 /* close-dark.png */ = {isa = PBXFileReference; lastKnownFileType = image.png; path = "close-dark.png"; sourceTree = "<group>"; };
		160441C117BC608600BC4D36 /* close-dark@2x.png */ = {isa = PBXFileReference; lastKnownFileType = image.png; path = "close-dark@2x.png"; sourceTree = "<group>"; };
		1621455117C26C48003C077B /* Song.h */ = {isa = PBXFileReference; fileEncoding = 4; lastKnownFileType = sourcecode.c.h; path = Song.h; sourceTree = "<group>"; };
		1621455217C26C48003C077B /* Song.m */ = {isa = PBXFileReference; fileEncoding = 4; lastKnownFileType = sourcecode.c.objc; path = Song.m; sourceTree = "<group>"; };
		163149F617B2E40D009EC3E6 /* about.html */ = {isa = PBXFileReference; fileEncoding = 4; lastKnownFileType = text.html; path = about.html; sourceTree = "<group>"; };
		163149FE17B2E8EC009EC3E6 /* about.jpg */ = {isa = PBXFileReference; lastKnownFileType = image.jpeg; path = about.jpg; sourceTree = "<group>"; };
		16314A0017B304C7009EC3E6 /* icon large.png */ = {isa = PBXFileReference; lastKnownFileType = image.png; path = "icon large.png"; sourceTree = "<group>"; };
		16314A0117B304C7009EC3E6 /* iconf small.png */ = {isa = PBXFileReference; lastKnownFileType = image.png; path = "iconf small.png"; sourceTree = "<group>"; };
		16314A1417B3FDA0009EC3E6 /* SimpleTableCell.xib */ = {isa = PBXFileReference; fileEncoding = 4; lastKnownFileType = file.xib; path = SimpleTableCell.xib; sourceTree = "<group>"; };
		16314A1617B3FF43009EC3E6 /* SimpleTableCell.h */ = {isa = PBXFileReference; fileEncoding = 4; lastKnownFileType = sourcecode.c.h; path = SimpleTableCell.h; sourceTree = "<group>"; };
		16314A1717B3FF43009EC3E6 /* SimpleTableCell.m */ = {isa = PBXFileReference; fileEncoding = 4; lastKnownFileType = sourcecode.c.objc; path = SimpleTableCell.m; sourceTree = "<group>"; };
		16314A1B17B5AD04009EC3E6 /* songs.plist */ = {isa = PBXFileReference; fileEncoding = 4; lastKnownFileType = text.plist.xml; path = songs.plist; sourceTree = "<group>"; };
		163209BC17C2CB7B00F0CED5 /* Lyric_Amazing_Grace.png */ = {isa = PBXFileReference; lastKnownFileType = image.png; path = Lyric_Amazing_Grace.png; sourceTree = "<group>"; };
		163209BD17C2CB7B00F0CED5 /* Lyric_Baby_Beluga.png */ = {isa = PBXFileReference; lastKnownFileType = image.png; path = Lyric_Baby_Beluga.png; sourceTree = "<group>"; };
		163209BE17C2CB7B00F0CED5 /* Lyric_DJ_Rapper.png */ = {isa = PBXFileReference; lastKnownFileType = image.png; path = Lyric_DJ_Rapper.png; sourceTree = "<group>"; };
		163209BF17C2CB7B00F0CED5 /* Lyric_Fly_Away.png */ = {isa = PBXFileReference; lastKnownFileType = image.png; path = Lyric_Fly_Away.png; sourceTree = "<group>"; };
		163209C017C2CB7B00F0CED5 /* Lyric_Knee_Deep.png */ = {isa = PBXFileReference; lastKnownFileType = image.png; path = Lyric_Knee_Deep.png; sourceTree = "<group>"; };
		163209C117C2CB7B00F0CED5 /* Lyric_MTA.png */ = {isa = PBXFileReference; lastKnownFileType = image.png; path = Lyric_MTA.png; sourceTree = "<group>"; };
		163209C217C2CB7B00F0CED5 /* Lyric_Rainbow.png */ = {isa = PBXFileReference; lastKnownFileType = image.png; path = Lyric_Rainbow.png; sourceTree = "<group>"; };
		163209C317C2CB7B00F0CED5 /* Lyric_This_Land.png */ = {isa = PBXFileReference; lastKnownFileType = image.png; path = Lyric_This_Land.png; sourceTree = "<group>"; };
		163209C417C2CB7B00F0CED5 /* Lyric_Toes.png */ = {isa = PBXFileReference; lastKnownFileType = image.png; path = Lyric_Toes.png; sourceTree = "<group>"; };
		163209C517C2CB7B00F0CED5 /* Lyric_Whole_World.png */ = {isa = PBXFileReference; lastKnownFileType = image.png; path = Lyric_Whole_World.png; sourceTree = "<group>"; };
		163209C617C2CB7B00F0CED5 /* Lyric_You_Gotta_Friend.png */ = {isa = PBXFileReference; lastKnownFileType = image.png; path = Lyric_You_Gotta_Friend.png; sourceTree = "<group>"; };
		163209C717C2CB7B00F0CED5 /* Lyric_You_Sunshine.png */ = {isa = PBXFileReference; lastKnownFileType = image.png; path = Lyric_You_Sunshine.png; sourceTree = "<group>"; };
		163209C817C2CB7B00F0CED5 /* Lyric.txt */ = {isa = PBXFileReference; fileEncoding = 4; lastKnownFileType = text; path = Lyric.txt; sourceTree = "<group>"; };
		1635D64317B2975C001BDF4B /* Song Book.app */ = {isa = PBXFileReference; explicitFileType = wrapper.application; includeInIndex = 0; path = "Song Book.app"; sourceTree = BUILT_PRODUCTS_DIR; };
		1635D64617B2975C001BDF4B /* UIKit.framework */ = {isa = PBXFileReference; lastKnownFileType = wrapper.framework; name = UIKit.framework; path = System/Library/Frameworks/UIKit.framework; sourceTree = SDKROOT; };
		1635D64817B2975C001BDF4B /* Foundation.framework */ = {isa = PBXFileReference; lastKnownFileType = wrapper.framework; name = Foundation.framework; path = System/Library/Frameworks/Foundation.framework; sourceTree = SDKROOT; };
		1635D64A17B2975C001BDF4B /* CoreGraphics.framework */ = {isa = PBXFileReference; lastKnownFileType = wrapper.framework; name = CoreGraphics.framework; path = System/Library/Frameworks/CoreGraphics.framework; sourceTree = SDKROOT; };
		1635D64E17B2975C001BDF4B /* Song Book-Info.plist */ = {isa = PBXFileReference; lastKnownFileType = text.plist.xml; path = "Song Book-Info.plist"; sourceTree = "<group>"; };
		1635D65217B2975C001BDF4B /* main.m */ = {isa = PBXFileReference; lastKnownFileType = sourcecode.c.objc; path = main.m; sourceTree = "<group>"; };
		1635D65417B2975C001BDF4B /* Song Book-Prefix.pch */ = {isa = PBXFileReference; lastKnownFileType = sourcecode.c.h; path = "Song Book-Prefix.pch"; sourceTree = "<group>"; };
		1635D65517B2975C001BDF4B /* SongBookAppDelegate.h */ = {isa = PBXFileReference; lastKnownFileType = sourcecode.c.h; path = SongBookAppDelegate.h; sourceTree = "<group>"; };
		1635D65617B2975C001BDF4B /* SongBookAppDelegate.m */ = {isa = PBXFileReference; lastKnownFileType = sourcecode.c.objc; path = SongBookAppDelegate.m; sourceTree = "<group>"; };
		1635D65F17B2975C001BDF4B /* en */ = {isa = PBXFileReference; lastKnownFileType = file.storyboard; name = en; path = en.lproj/MainStoryboard.storyboard; sourceTree = "<group>"; };
		1635D66117B2975C001BDF4B /* SongBookViewController.h */ = {isa = PBXFileReference; lastKnownFileType = sourcecode.c.h; path = SongBookViewController.h; sourceTree = "<group>"; };
		1635D66217B2975C001BDF4B /* SongBookViewController.m */ = {isa = PBXFileReference; lastKnownFileType = sourcecode.c.objc; path = SongBookViewController.m; sourceTree = "<group>"; };
		1635D66917B2975C001BDF4B /* Song BookTests.octest */ = {isa = PBXFileReference; explicitFileType = wrapper.cfbundle; includeInIndex = 0; path = "Song BookTests.octest"; sourceTree = BUILT_PRODUCTS_DIR; };
		1635D66A17B2975C001BDF4B /* SenTestingKit.framework */ = {isa = PBXFileReference; lastKnownFileType = wrapper.framework; name = SenTestingKit.framework; path = Library/Frameworks/SenTestingKit.framework; sourceTree = DEVELOPER_DIR; };
		1635D67217B2975C001BDF4B /* Song BookTests-Info.plist */ = {isa = PBXFileReference; lastKnownFileType = text.plist.xml; path = "Song BookTests-Info.plist"; sourceTree = "<group>"; };
		1635D67417B2975C001BDF4B /* en */ = {isa = PBXFileReference; lastKnownFileType = text.plist.strings; name = en; path = en.lproj/InfoPlist.strings; sourceTree = "<group>"; };
		1635D67617B2975C001BDF4B /* SongBookTests.h */ = {isa = PBXFileReference; lastKnownFileType = sourcecode.c.h; path = SongBookTests.h; sourceTree = "<group>"; };
		1635D67717B2975C001BDF4B /* SongBookTests.m */ = {isa = PBXFileReference; lastKnownFileType = sourcecode.c.objc; path = SongBookTests.m; sourceTree = "<group>"; };
		1635D68117B29DC3001BDF4B /* SongDetailViewController.h */ = {isa = PBXFileReference; fileEncoding = 4; lastKnownFileType = sourcecode.c.h; path = SongDetailViewController.h; sourceTree = "<group>"; };
		1635D68217B29DC3001BDF4B /* SongDetailViewController.m */ = {isa = PBXFileReference; fileEncoding = 4; lastKnownFileType = sourcecode.c.objc; path = SongDetailViewController.m; sourceTree = "<group>"; };
		16B3EB2D17C953850024C8C8 /* Lyric_Bad_Bone.png */ = {isa = PBXFileReference; lastKnownFileType = image.png; path = Lyric_Bad_Bone.png; sourceTree = "<group>"; };
		16BED04D17C2DB0D004E8CBF /* Lyric_Road_Again.png */ = {isa = PBXFileReference; lastKnownFileType = image.png; path = Lyric_Road_Again.png; sourceTree = "<group>"; };
/* End PBXFileReference section */

/* Begin PBXFrameworksBuildPhase section */
		1635D64017B2975C001BDF4B /* Frameworks */ = {
			isa = PBXFrameworksBuildPhase;
			buildActionMask = 2147483647;
			files = (
				1604403017BACA3F00BC4D36 /* Social.framework in Frameworks */,
				1635D64717B2975C001BDF4B /* UIKit.framework in Frameworks */,
				1635D64917B2975C001BDF4B /* Foundation.framework in Frameworks */,
				1635D64B17B2975C001BDF4B /* CoreGraphics.framework in Frameworks */,
			);
			runOnlyForDeploymentPostprocessing = 0;
		};
		1635D66517B2975C001BDF4B /* Frameworks */ = {
			isa = PBXFrameworksBuildPhase;
			buildActionMask = 2147483647;
			files = (
				1635D66B17B2975C001BDF4B /* SenTestingKit.framework in Frameworks */,
				1635D66C17B2975C001BDF4B /* UIKit.framework in Frameworks */,
				1635D66D17B2975C001BDF4B /* Foundation.framework in Frameworks */,
			);
			runOnlyForDeploymentPostprocessing = 0;
		};
/* End PBXFrameworksBuildPhase section */

/* Begin PBXGroup section */
		1621455017C26C24003C077B /* Model */ = {
			isa = PBXGroup;
			children = (
				1621455117C26C48003C077B /* Song.h */,
				1621455217C26C48003C077B /* Song.m */,
			);
			name = Model;
			sourceTree = "<group>";
		};
		1635D63A17B2975C001BDF4B = {
			isa = PBXGroup;
			children = (
				1635D64C17B2975C001BDF4B /* SongBook */,
				1635D67017B2975C001BDF4B /* SongBookTests */,
				1635D64517B2975C001BDF4B /* Frameworks */,
				1635D64417B2975C001BDF4B /* Products */,
			);
			sourceTree = "<group>";
		};
		1635D64417B2975C001BDF4B /* Products */ = {
			isa = PBXGroup;
			children = (
				1635D64317B2975C001BDF4B /* Song Book.app */,
				1635D66917B2975C001BDF4B /* Song BookTests.octest */,
			);
			name = Products;
			sourceTree = "<group>";
		};
		1635D64517B2975C001BDF4B /* Frameworks */ = {
			isa = PBXGroup;
			children = (
				1604402F17BACA3F00BC4D36 /* Social.framework */,
				1635D64617B2975C001BDF4B /* UIKit.framework */,
				1635D64817B2975C001BDF4B /* Foundation.framework */,
				1635D64A17B2975C001BDF4B /* CoreGraphics.framework */,
				1635D66A17B2975C001BDF4B /* SenTestingKit.framework */,
			);
			name = Frameworks;
			sourceTree = "<group>";
		};
		1635D64C17B2975C001BDF4B /* SongBook */ = {
			isa = PBXGroup;
			children = (
				1621455017C26C24003C077B /* Model */,
				1604403117BACF9000BC4D36 /* SWRevealViewController.h */,
				1604403217BACF9000BC4D36 /* SWRevealViewController.m */,
				16314A1B17B5AD04009EC3E6 /* songs.plist */,
				1635D65517B2975C001BDF4B /* SongBookAppDelegate.h */,
				1635D65617B2975C001BDF4B /* SongBookAppDelegate.m */,
				1635D65E17B2975C001BDF4B /* MainStoryboard.storyboard */,
				1635D66117B2975C001BDF4B /* SongBookViewController.h */,
				1635D66217B2975C001BDF4B /* SongBookViewController.m */,
				1635D64D17B2975C001BDF4B /* Supporting Files */,
				1635D68117B29DC3001BDF4B /* SongDetailViewController.h */,
				1635D68217B29DC3001BDF4B /* SongDetailViewController.m */,
				16314A1417B3FDA0009EC3E6 /* SimpleTableCell.xib */,
				16314A1617B3FF43009EC3E6 /* SimpleTableCell.h */,
				16314A1717B3FF43009EC3E6 /* SimpleTableCell.m */,
				160441B817BC4A9D00BC4D36 /* RowVideoViewController.h */,
				160441B917BC4A9E00BC4D36 /* RowVideoViewController.m */,
				160441BD17BC5B2800BC4D36 /* RowTablatureViewController.h */,
				160441BE17BC5B2800BC4D36 /* RowTablatureViewController.m */,
			);
			path = SongBook;
			sourceTree = "<group>";
		};
		1635D64D17B2975C001BDF4B /* Supporting Files */ = {
			isa = PBXGroup;
			children = (
				16B3EB2D17C953850024C8C8 /* Lyric_Bad_Bone.png */,
				16BED04D17C2DB0D004E8CBF /* Lyric_Road_Again.png */,
				1604404D17BB500E00BC4D36 /* Default@2x.png */,
				163209BC17C2CB7B00F0CED5 /* Lyric_Amazing_Grace.png */,
				163209BD17C2CB7B00F0CED5 /* Lyric_Baby_Beluga.png */,
				163209BE17C2CB7B00F0CED5 /* Lyric_DJ_Rapper.png */,
				163209BF17C2CB7B00F0CED5 /* Lyric_Fly_Away.png */,
				163209C017C2CB7B00F0CED5 /* Lyric_Knee_Deep.png */,
				163209C117C2CB7B00F0CED5 /* Lyric_MTA.png */,
				163209C217C2CB7B00F0CED5 /* Lyric_Rainbow.png */,
				163209C317C2CB7B00F0CED5 /* Lyric_This_Land.png */,
				163209C417C2CB7B00F0CED5 /* Lyric_Toes.png */,
				163209C517C2CB7B00F0CED5 /* Lyric_Whole_World.png */,
				163209C617C2CB7B00F0CED5 /* Lyric_You_Gotta_Friend.png */,
				163209C717C2CB7B00F0CED5 /* Lyric_You_Sunshine.png */,
				163209C817C2CB7B00F0CED5 /* Lyric.txt */,
				160441C017BC608600BC4D36 /* close-dark.png */,
				160441C117BC608600BC4D36 /* close-dark@2x.png */,
				160441BB17BC58C000BC4D36 /* sunshine.png */,
				1604415517BC23D900BC4D36 /* ToDo.rtf */,
				1604404B17BB4FFE00BC4D36 /* Default@2x.png */,
				1604404917BB498A00BC4D36 /* dkbluerowicon1.png */,
				1604404717BB46B400BC4D36 /* greenrowicon1.png */,
				1604403717BAD7CA00BC4D36 /* facebook.jpg */,
				1604403817BAD7CA00BC4D36 /* twitter.jpg */,
				16314A0017B304C7009EC3E6 /* icon large.png */,
				16314A0117B304C7009EC3E6 /* iconf small.png */,
				163149FE17B2E8EC009EC3E6 /* about.jpg */,
				163149F617B2E40D009EC3E6 /* about.html */,
				1635D64E17B2975C001BDF4B /* Song Book-Info.plist */,
				1635D65217B2975C001BDF4B /* main.m */,
				1635D65417B2975C001BDF4B /* Song Book-Prefix.pch */,
			);
			name = "Supporting Files";
			sourceTree = "<group>";
		};
		1635D67017B2975C001BDF4B /* SongBookTests */ = {
			isa = PBXGroup;
			children = (
				1635D67617B2975C001BDF4B /* SongBookTests.h */,
				1635D67717B2975C001BDF4B /* SongBookTests.m */,
				1635D67117B2975C001BDF4B /* Supporting Files */,
			);
			path = SongBookTests;
			sourceTree = "<group>";
		};
		1635D67117B2975C001BDF4B /* Supporting Files */ = {
			isa = PBXGroup;
			children = (
				1635D67217B2975C001BDF4B /* Song BookTests-Info.plist */,
				1635D67317B2975C001BDF4B /* InfoPlist.strings */,
			);
			name = "Supporting Files";
			sourceTree = "<group>";
		};
/* End PBXGroup section */

/* Begin PBXNativeTarget section */
		1635D64217B2975C001BDF4B /* Song Book */ = {
			isa = PBXNativeTarget;
			buildConfigurationList = 1635D67B17B2975C001BDF4B /* Build configuration list for PBXNativeTarget "Song Book" */;
			buildPhases = (
				1635D63F17B2975C001BDF4B /* Sources */,
				1635D64017B2975C001BDF4B /* Frameworks */,
				1635D64117B2975C001BDF4B /* Resources */,
			);
			buildRules = (
			);
			dependencies = (
			);
			name = "Song Book";
			productName = SongBook;
			productReference = 1635D64317B2975C001BDF4B /* Song Book.app */;
			productType = "com.apple.product-type.application";
		};
		1635D66817B2975C001BDF4B /* Song BookTests */ = {
			isa = PBXNativeTarget;
			buildConfigurationList = 1635D67E17B2975C001BDF4B /* Build configuration list for PBXNativeTarget "Song BookTests" */;
			buildPhases = (
				1635D66417B2975C001BDF4B /* Sources */,
				1635D66517B2975C001BDF4B /* Frameworks */,
				1635D66617B2975C001BDF4B /* Resources */,
				1635D66717B2975C001BDF4B /* ShellScript */,
			);
			buildRules = (
			);
			dependencies = (
				1635D66F17B2975C001BDF4B /* PBXTargetDependency */,
			);
			name = "Song BookTests";
			productName = SongBookTests;
			productReference = 1635D66917B2975C001BDF4B /* Song BookTests.octest */;
			productType = "com.apple.product-type.bundle";
		};
/* End PBXNativeTarget section */

/* Begin PBXProject section */
		1635D63B17B2975C001BDF4B /* Project object */ = {
			isa = PBXProject;
			attributes = {
				CLASSPREFIX = SongBook;
				LastUpgradeCheck = 0460;
				ORGANIZATIONNAME = QAMob.info;
			};
			buildConfigurationList = 1635D63E17B2975C001BDF4B /* Build configuration list for PBXProject "Song Book" */;
			compatibilityVersion = "Xcode 3.2";
			developmentRegion = English;
			hasScannedForEncodings = 0;
			knownRegions = (
				en,
			);
			mainGroup = 1635D63A17B2975C001BDF4B;
			productRefGroup = 1635D64417B2975C001BDF4B /* Products */;
			projectDirPath = "";
			projectRoot = "";
			targets = (
				1635D64217B2975C001BDF4B /* Song Book */,
				1635D66817B2975C001BDF4B /* Song BookTests */,
			);
		};
/* End PBXProject section */

/* Begin PBXResourcesBuildPhase section */
		1635D64117B2975C001BDF4B /* Resources */ = {
			isa = PBXResourcesBuildPhase;
			buildActionMask = 2147483647;
			files = (
				1635D66017B2975C001BDF4B /* MainStoryboard.storyboard in Resources */,
				163149F817B2E40D009EC3E6 /* about.html in Resources */,
				163149FF17B2E8EC009EC3E6 /* about.jpg in Resources */,
				16314A0217B304C7009EC3E6 /* icon large.png in Resources */,
				16314A0317B304C7009EC3E6 /* iconf small.png in Resources */,
				16314A1517B3FDA0009EC3E6 /* SimpleTableCell.xib in Resources */,
				16314A1C17B5AD04009EC3E6 /* songs.plist in Resources */,
				1604403917BAD7CA00BC4D36 /* facebook.jpg in Resources */,
				1604403A17BAD7CA00BC4D36 /* twitter.jpg in Resources */,
				1604404817BB46B400BC4D36 /* greenrowicon1.png in Resources */,
				1604404A17BB498A00BC4D36 /* dkbluerowicon1.png in Resources */,
				1604404E17BB500E00BC4D36 /* Default@2x.png in Resources */,
				1604415617BC23D900BC4D36 /* ToDo.rtf in Resources */,
				160441BC17BC58C000BC4D36 /* sunshine.png in Resources */,
				160441C217BC608600BC4D36 /* close-dark.png in Resources */,
				160441C317BC608600BC4D36 /* close-dark@2x.png in Resources */,
				163209C917C2CB7B00F0CED5 /* Lyric_Amazing_Grace.png in Resources */,
				163209CA17C2CB7B00F0CED5 /* Lyric_Baby_Beluga.png in Resources */,
				163209CB17C2CB7B00F0CED5 /* Lyric_DJ_Rapper.png in Resources */,
				163209CC17C2CB7B00F0CED5 /* Lyric_Fly_Away.png in Resources */,
				163209CD17C2CB7B00F0CED5 /* Lyric_Knee_Deep.png in Resources */,
				163209CE17C2CB7B00F0CED5 /* Lyric_MTA.png in Resources */,
				163209CF17C2CB7B00F0CED5 /* Lyric_Rainbow.png in Resources */,
				163209D017C2CB7B00F0CED5 /* Lyric_This_Land.png in Resources */,
				163209D117C2CB7B00F0CED5 /* Lyric_Toes.png in Resources */,
				163209D217C2CB7B00F0CED5 /* Lyric_Whole_World.png in Resources */,
				163209D317C2CB7B00F0CED5 /* Lyric_You_Gotta_Friend.png in Resources */,
				163209D417C2CB7B00F0CED5 /* Lyric_You_Sunshine.png in Resources */,
				163209D517C2CB7B00F0CED5 /* Lyric.txt in Resources */,
				16BED04E17C2DB0D004E8CBF /* Lyric_Road_Again.png in Resources */,
				16B3EB2E17C953850024C8C8 /* Lyric_Bad_Bone.png in Resources */,
			);
			runOnlyForDeploymentPostprocessing = 0;
		};
		1635D66617B2975C001BDF4B /* Resources */ = {
			isa = PBXResourcesBuildPhase;
			buildActionMask = 2147483647;
			files = (
				1635D67517B2975C001BDF4B /* InfoPlist.strings in Resources */,
			);
			runOnlyForDeploymentPostprocessing = 0;
		};
/* End PBXResourcesBuildPhase section */

/* Begin PBXShellScriptBuildPhase section */
		1635D66717B2975C001BDF4B /* ShellScript */ = {
			isa = PBXShellScriptBuildPhase;
			buildActionMask = 2147483647;
			files = (
			);
			inputPaths = (
			);
			outputPaths = (
			);
			runOnlyForDeploymentPostprocessing = 0;
			shellPath = /bin/sh;
			shellScript = "# Run the unit tests in this test bundle.\n\"${SYSTEM_DEVELOPER_DIR}/Tools/RunUnitTests\"\n";
		};
/* End PBXShellScriptBuildPhase section */

/* Begin PBXSourcesBuildPhase section */
		1635D63F17B2975C001BDF4B /* Sources */ = {
			isa = PBXSourcesBuildPhase;
			buildActionMask = 2147483647;
			files = (
				1635D65317B2975C001BDF4B /* main.m in Sources */,
				1635D65717B2975C001BDF4B /* SongBookAppDelegate.m in Sources */,
				1635D66317B2975C001BDF4B /* SongBookViewController.m in Sources */,
				1635D68317B29DC3001BDF4B /* SongDetailViewController.m in Sources */,
				16314A1817B3FF43009EC3E6 /* SimpleTableCell.m in Sources */,
				1604403317BACF9000BC4D36 /* SWRevealViewController.m in Sources */,
				160441BA17BC4A9E00BC4D36 /* RowVideoViewController.m in Sources */,
				160441BF17BC5B2800BC4D36 /* RowTablatureViewController.m in Sources */,
				1621455317C26C48003C077B /* Song.m in Sources */,
			);
			runOnlyForDeploymentPostprocessing = 0;
		};
		1635D66417B2975C001BDF4B /* Sources */ = {
			isa = PBXSourcesBuildPhase;
			buildActionMask = 2147483647;
			files = (
				1635D67817B2975C001BDF4B /* SongBookTests.m in Sources */,
				1621455417C275E9003C077B /* Song.m in Sources */,
			);
			runOnlyForDeploymentPostprocessing = 0;
		};
/* End PBXSourcesBuildPhase section */

/* Begin PBXTargetDependency section */
		1635D66F17B2975C001BDF4B /* PBXTargetDependency */ = {
			isa = PBXTargetDependency;
			target = 1635D64217B2975C001BDF4B /* Song Book */;
			targetProxy = 1635D66E17B2975C001BDF4B /* PBXContainerItemProxy */;
		};
/* End PBXTargetDependency section */

/* Begin PBXVariantGroup section */
		1635D65E17B2975C001BDF4B /* MainStoryboard.storyboard */ = {
			isa = PBXVariantGroup;
			children = (
				1635D65F17B2975C001BDF4B /* en */,
			);
			name = MainStoryboard.storyboard;
			sourceTree = "<group>";
		};
		1635D67317B2975C001BDF4B /* InfoPlist.strings */ = {
			isa = PBXVariantGroup;
			children = (
				1635D67417B2975C001BDF4B /* en */,
			);
			name = InfoPlist.strings;
			sourceTree = "<group>";
		};
/* End PBXVariantGroup section */

/* Begin XCBuildConfiguration section */
		1635D67917B2975C001BDF4B /* Debug */ = {
			isa = XCBuildConfiguration;
			buildSettings = {
				ALWAYS_SEARCH_USER_PATHS = NO;
				CLANG_CXX_LANGUAGE_STANDARD = "gnu++0x";
				CLANG_CXX_LIBRARY = "libc++";
				CLANG_ENABLE_OBJC_ARC = YES;
				CLANG_WARN_CONSTANT_CONVERSION = YES;
				CLANG_WARN_EMPTY_BODY = YES;
				CLANG_WARN_ENUM_CONVERSION = YES;
				CLANG_WARN_INT_CONVERSION = YES;
				CLANG_WARN__DUPLICATE_METHOD_MATCH = YES;
				CODE_SIGN_IDENTITY = "iPhone Developer: Andy Friedlander (5RRG47UGK3)";
				"CODE_SIGN_IDENTITY[sdk=iphoneos*]" = "iPhone Developer: Andy Friedlander (5RRG47UGK3)";
				COPY_PHASE_STRIP = NO;
				GCC_C_LANGUAGE_STANDARD = gnu99;
				GCC_DYNAMIC_NO_PIC = NO;
				GCC_OPTIMIZATION_LEVEL = 0;
				GCC_PREPROCESSOR_DEFINITIONS = (
					"DEBUG=1",
					"$(inherited)",
				);
				GCC_SYMBOLS_PRIVATE_EXTERN = NO;
				GCC_WARN_ABOUT_RETURN_TYPE = YES;
				GCC_WARN_UNINITIALIZED_AUTOS = YES;
				GCC_WARN_UNUSED_VARIABLE = YES;
				IPHONEOS_DEPLOYMENT_TARGET = 6.1;
				ONLY_ACTIVE_ARCH = YES;
				PROVISIONING_PROFILE = "AD14D5DE-55DD-4DAF-891B-37428197B687";
				"PROVISIONING_PROFILE[sdk=iphoneos*]" = "AD14D5DE-55DD-4DAF-891B-37428197B687";
				SDKROOT = iphoneos;
			};
			name = Debug;
		};
		1635D67A17B2975C001BDF4B /* Release */ = {
			isa = XCBuildConfiguration;
			buildSettings = {
				ALWAYS_SEARCH_USER_PATHS = NO;
				CLANG_CXX_LANGUAGE_STANDARD = "gnu++0x";
				CLANG_CXX_LIBRARY = "libc++";
				CLANG_ENABLE_OBJC_ARC = YES;
				CLANG_WARN_CONSTANT_CONVERSION = YES;
				CLANG_WARN_EMPTY_BODY = YES;
				CLANG_WARN_ENUM_CONVERSION = YES;
				CLANG_WARN_INT_CONVERSION = YES;
				CLANG_WARN__DUPLICATE_METHOD_MATCH = YES;
				CODE_SIGN_IDENTITY = "iPhone Developer: Andy Friedlander (5RRG47UGK3)";
				"CODE_SIGN_IDENTITY[sdk=iphoneos*]" = "iPhone Developer: Andy Friedlander (5RRG47UGK3)";
				COPY_PHASE_STRIP = YES;
				GCC_C_LANGUAGE_STANDARD = gnu99;
				GCC_WARN_ABOUT_RETURN_TYPE = YES;
				GCC_WARN_UNINITIALIZED_AUTOS = YES;
				GCC_WARN_UNUSED_VARIABLE = YES;
				IPHONEOS_DEPLOYMENT_TARGET = 6.1;
				OTHER_CFLAGS = "-DNS_BLOCK_ASSERTIONS=1";
				PROVISIONING_PROFILE = "AD14D5DE-55DD-4DAF-891B-37428197B687";
				"PROVISIONING_PROFILE[sdk=iphoneos*]" = "AD14D5DE-55DD-4DAF-891B-37428197B687";
				SDKROOT = iphoneos;
				VALIDATE_PRODUCT = YES;
			};
			name = Release;
		};
		1635D67C17B2975C001BDF4B /* Debug */ = {
			isa = XCBuildConfiguration;
			buildSettings = {
				CODE_SIGN_IDENTITY = "iPhone Developer: Todd Schultz (PUM7XA8EM5)";
				"CODE_SIGN_IDENTITY[sdk=iphoneos*]" = "iPhone Developer: Todd Schultz (PUM7XA8EM5)";
				GCC_PRECOMPILE_PREFIX_HEADER = YES;
				GCC_PREFIX_HEADER = "SongBook/Song Book-Prefix.pch";
				INFOPLIST_FILE = "SongBook/Song Book-Info.plist";
				IPHONEOS_DEPLOYMENT_TARGET = 6.0;
				PRODUCT_NAME = "Song Book";
				PROVISIONING_PROFILE = "690DAEEF-AB62-459C-AA5B-31BF458112E0";
				"PROVISIONING_PROFILE[sdk=iphoneos*]" = "690DAEEF-AB62-459C-AA5B-31BF458112E0";
				SKIP_INSTALL = YES;
				TARGETED_DEVICE_FAMILY = 1;
				WRAPPER_EXTENSION = app;
			};
			name = Debug;
		};
		1635D67D17B2975C001BDF4B /* Release */ = {
			isa = XCBuildConfiguration;
			buildSettings = {
				CODE_SIGN_IDENTITY = "iPhone Developer: Todd Schultz (PUM7XA8EM5)";
				"CODE_SIGN_IDENTITY[sdk=iphoneos*]" = "iPhone Developer: Todd Schultz (PUM7XA8EM5)";
				GCC_PRECOMPILE_PREFIX_HEADER = YES;
				GCC_PREFIX_HEADER = "SongBook/Song Book-Prefix.pch";
				INFOPLIST_FILE = "SongBook/Song Book-Info.plist";
				IPHONEOS_DEPLOYMENT_TARGET = 6.0;
				PRODUCT_NAME = "Song Book";
				PROVISIONING_PROFILE = "2A885FC5-28A8-442E-8D43-ACF880B7C79F";
				"PROVISIONING_PROFILE[sdk=iphoneos*]" = "690DAEEF-AB62-459C-AA5B-31BF458112E0";
				SKIP_INSTALL = YES;
				TARGETED_DEVICE_FAMILY = 1;
				WRAPPER_EXTENSION = app;
			};
			name = Release;
		};
		1635D67F17B2975C001BDF4B /* Debug */ = {
			isa = XCBuildConfiguration;
			buildSettings = {
				BUNDLE_LOADER = "$(BUILT_PRODUCTS_DIR)/SongBook.app/SongBook";
				FRAMEWORK_SEARCH_PATHS = (
					"\"$(SDKROOT)/Developer/Library/Frameworks\"",
					"\"$(DEVELOPER_LIBRARY_DIR)/Frameworks\"",
				);
				GCC_PRECOMPILE_PREFIX_HEADER = YES;
				GCC_PREFIX_HEADER = "SongBook/SongBook-Prefix.pch";
				INFOPLIST_FILE = "SongBookTests/Song BookTests-Info.plist";
				PRODUCT_NAME = "Song BookTests";
				TEST_HOST = "$(BUNDLE_LOADER)";
				WRAPPER_EXTENSION = octest;
			};
			name = Debug;
		};
		1635D68017B2975C001BDF4B /* Release */ = {
			isa = XCBuildConfiguration;
			buildSettings = {
				BUNDLE_LOADER = "$(BUILT_PRODUCTS_DIR)/SongBook.app/SongBook";
				FRAMEWORK_SEARCH_PATHS = (
					"\"$(SDKROOT)/Developer/Library/Frameworks\"",
					"\"$(DEVELOPER_LIBRARY_DIR)/Frameworks\"",
				);
				GCC_PRECOMPILE_PREFIX_HEADER = YES;
				GCC_PREFIX_HEADER = "SongBook/SongBook-Prefix.pch";
				INFOPLIST_FILE = "SongBookTests/Song BookTests-Info.plist";
				PRODUCT_NAME = "Song BookTests";
				TEST_HOST = "$(BUNDLE_LOADER)";
				WRAPPER_EXTENSION = octest;
			};
			name = Release;
		};
/* End XCBuildConfiguration section */

/* Begin XCConfigurationList section */
		1635D63E17B2975C001BDF4B /* Build configuration list for PBXProject "Song Book" */ = {
			isa = XCConfigurationList;
			buildConfigurations = (
				1635D67917B2975C001BDF4B /* Debug */,
				1635D67A17B2975C001BDF4B /* Release */,
			);
			defaultConfigurationIsVisible = 0;
			defaultConfigurationName = Release;
		};
		1635D67B17B2975C001BDF4B /* Build configuration list for PBXNativeTarget "Song Book" */ = {
			isa = XCConfigurationList;
			buildConfigurations = (
				1635D67C17B2975C001BDF4B /* Debug */,
				1635D67D17B2975C001BDF4B /* Release */,
			);
			defaultConfigurationIsVisible = 0;
			defaultConfigurationName = Release;
		};
		1635D67E17B2975C001BDF4B /* Build configuration list for PBXNativeTarget "Song BookTests" */ = {
			isa = XCConfigurationList;
			buildConfigurations = (
				1635D67F17B2975C001BDF4B /* Debug */,
				1635D68017B2975C001BDF4B /* Release */,
			);
			defaultConfigurationIsVisible = 0;
			defaultConfigurationName = Release;
		};
/* End XCConfigurationList section */
	};
	rootObject = 1635D63B17B2975C001BDF4B /* Project object */;
}
